github.com/jinzhu/inflection v1.0.0 h1:K317FqzuhWc8YvSVlFMCCUb36O/S9MCKRDI7QkRKD/E=
github.com/jinzhu/inflection v1.0.0/go.mod h1:h+uFLlag+Qp1Va5pdKtLDYj+kHp5pxUVkryuEj+Srlc=
github.com/jinzhu/now v1.1.5 h1:/o9tlHleP7gOFmsnYNz3RGnqzefHA47wQpKrrdTIwXQ=
github.com/jinzhu/now v1.1.5/go.mod h1:d3SSVoowX0Lcu0IBviAWJpolVfI5UJVZZ7cO71lE/z8=
github.com/mattn/go-sqlite3 v1.14.24 h1:tpSp2G2KyMnnQu99ngJ47EIkWVmliIizyZBfPrBWDRM=
github.com/mattn/go-sqlite3 v1.14.24/go.mod h1:Uh1q+B4BYcTPb+yiD3kU8Ct7aC0hY9fxUwlHK0RXw+Y=
github.com/russross/blackfriday/v2 v2.1.0 h1:JIOH55/0cWyOuilr9/qlrm0BSXldqnqwMsf35Ld67mk=
github.com/russross/blackfriday/v2 v2.1.0/go.mod h1:+Rmxgy9KzJVeS9/2gXHxylqXiyQDYRxCVz55jmeOWTM=
gitlab.com/golang-commonmark/html v0.0.0-20191124015941-a22733972181 h1:K+bMSIx9A7mLES1rtG+qKduLIXq40DAzYHtb0XuCukA=
gitlab.com/golang-commonmark/html v0.0.0-20191124015941-a22733972181/go.mod h1:dzYhVIwWCtzPAa4QP98wfB9+mzt33MSmM8wsKiMi2ow=
gitlab.com/golang-commonmark/linkify v0.0.0-20191026162114-a0c2df6c8f82/go.mod h1:Gn+LZmCrhPECMD3SOKlE+BOHwhOYD9j7WT9NUtkCrC8=
gitlab.com/golang-commonmark/linkify v0.0.0-20200225224916-64bca66f6ad3 h1:1Coh5BsUBlXoEJmIEaNzVAWrtg9k7/eJzailMQr1grw=
gitlab.com/golang-commonmark/linkify v0.0.0-20200225224916-64bca66f6ad3/go.mod h1:Gn+LZmCrhPECMD3SOKlE+BOHwhOYD9j7WT9NUtkCrC8=
gitlab.com/golang-commonmark/markdown v0.0.0-20211110145824-bf3e522c626a h1:O85GKETcmnCNAfv4Aym9tepU8OE0NmcZNqPlXcsBKBs=
gitlab.com/golang-commonmark/markdown v0.0.0-20211110145824-bf3e522c626a/go.mod h1:LaSIs30YPGs1H5jwGgPhLzc8vkNc/k0rDX/fEZqiU/M=
gitlab.com/golang-commonmark/mdurl v0.0.0-20191124015652-932350d1cb84 h1:qqjvoVXdWIcZCLPMlzgA7P9FZWdPGPvP/l3ef8GzV6o=
gitlab.com/golang-commonmark/mdurl v0.0.0-20191124015652-932350d1cb84/go.mod h1:IJZ+fdMvbW2qW6htJx7sLJ04FEs4Ldl/MDsJtMKywfw=
gitlab.com/golang-commonmark/puny v0.0.0-20191124015043-9f83538fa04f h1:Wku8eEdeJqIOFHtrfkYUByc4bCaTeA6fL0UJgfEiFMI=
gitlab.com/golang-commonmark/puny v0.0.0-20191124015043-9f83538fa04f/go.mod h1:Tiuhl+njh/JIg0uS/sOJVYi0x2HEa5rc1OAaVsb5tAs=
gitlab.com/opennota/wd v0.0.0-20180912061657-c5d65f63c638 h1:uPZaMiz6Sz0PZs3IZJWpU5qHKGNy///1pacZC9txiUI=
gitlab.com/opennota/wd v0.0.0-20180912061657-c5d65f63c638/go.mod h1:EGRJaqe2eO9XGmFtQCvV3Lm9NLico3UhFwUpCG/+mVU=
golang.org/x/text v0.3.2/go.mod h1:bEr9sfX3Q8Zfm5fL9x+3itogRgK3+ptLWKqgva+5dAk=
golang.org/x/text v0.21.0 h1:zyQAAkrwaneQ066sspRyJaG9VNi/YJ1NfzcGB3hZ/qo=
golang.org/x/text v0.21.0/go.mod h1:4IBbMaMmOPCJ8SecivzSH54+73PCFmPWxNTLm+vZkEQ=
golang.org/x/tools v0.0.0-20180917221912-90fa682c2a6e/go.mod h1:n7NCudcB/nEzxVGmLbDWY5pfWTLqBcC2KZ6jyYvM4mQ=
gorm.io/driver/sqlite v1.5.7 h1:8NvsrhP0ifM7LX9G4zPB97NwovUakUxc+2V2uuf3Z1I=
gorm.io/driver/sqlite v1.5.7/go.mod h1:U+J8craQU6Fzkcvu8oLeAQmi50TkwPEhHDEjQZXDah4=
gorm.io/gorm v1.25.12 h1:I0u8i2hWQItBq1WfE0o2+WuL9+8L21K9e2HHSTE/0f8=
gorm.io/gorm v1.25.12/go.mod h1:xh7N7RHfYlNc5EmcI/El95gXusucDrQnHXe0+CgWcLQ=
